
Microsoft Visual Studio Solution File, Format Version 12.00
# Visual Studio Version 16
VisualStudioVersion = 16.0.31729.503
MinimumVisualStudioVersion = 10.0.40219.1
Project("{8BC9CEB8-8B4A-11D0-8D11-00A0C91BC942}") = "数据结构实验九", "数据结构实验九\数据结构实验九.vcxproj", "{88406A15-1570-4B3B-A92D-AD25A95A3B65}"
EndProject
Global
	GlobalSection(SolutionConfigurationPlatforms) = preSolution
		Debug|x64 = Debug|x64
		Debug|x86 = Debug|x86
		Release|x64 = Release|x64
		Release|x86 = Release|x86
	EndGlobalSection
	GlobalSection(ProjectConfigurationPlatforms) = postSolution
		{88406A15-1570-4B3B-A92D-AD25A95A3B65}.Debug|x64.ActiveCfg = Debug|x64
		{88406A15-1570-4B3B-A92D-AD25A95A3B65}.Debug|x64.Build.0 = Debug|x64
		{88406A15-1570-4B3B-A92D-AD25A95A3B65}.Debug|x86.ActiveCfg = Debug|Win32
		{88406A15-1570-4B3B-A92D-AD25A95A3B65}.Debug|x86.Build.0 = Debug|Win32
		{88406A15-1570-4B3B-A92D-AD25A95A3B65}.Release|x64.ActiveCfg = Release|x64
		{88406A15-1570-4B3B-A92D-AD25A95A3B65}.Release|x64.Build.0 = Release|x64
		{88406A15-1570-4B3B-A92D-AD25A95A3B65}.Release|x86.ActiveCfg = Release|Win32
		{88406A15-1570-4B3B-A92D-AD25A95A3B65}.Release|x86.Build.0 = Release|Win32
	EndGlobalSection
	GlobalSection(SolutionProperties) = preSolution
		HideSolutionNode = FALSE
	EndGlobalSection
	GlobalSection(ExtensibilityGlobals) = postSolution
		SolutionGuid = {69BA7327-1D82-47CD-8FBB-48D043094DD6}
	EndGlobalSection
EndGlobal
