
Microsoft Visual Studio Solution File, Format Version 12.00
# Visual Studio Version 16
VisualStudioVersion = 16.0.31729.503
MinimumVisualStudioVersion = 10.0.40219.1
Project("{8BC9CEB8-8B4A-11D0-8D11-00A0C91BC942}") = "数据结构实验十五", "数据结构实验十五\数据结构实验十五.vcxproj", "{4AF42BDF-287D-40B5-9518-B32F3C8DF28D}"
EndProject
Global
	GlobalSection(SolutionConfigurationPlatforms) = preSolution
		Debug|x64 = Debug|x64
		Debug|x86 = Debug|x86
		Release|x64 = Release|x64
		Release|x86 = Release|x86
	EndGlobalSection
	GlobalSection(ProjectConfigurationPlatforms) = postSolution
		{4AF42BDF-287D-40B5-9518-B32F3C8DF28D}.Debug|x64.ActiveCfg = Debug|x64
		{4AF42BDF-287D-40B5-9518-B32F3C8DF28D}.Debug|x64.Build.0 = Debug|x64
		{4AF42BDF-287D-40B5-9518-B32F3C8DF28D}.Debug|x86.ActiveCfg = Debug|Win32
		{4AF42BDF-287D-40B5-9518-B32F3C8DF28D}.Debug|x86.Build.0 = Debug|Win32
		{4AF42BDF-287D-40B5-9518-B32F3C8DF28D}.Release|x64.ActiveCfg = Release|x64
		{4AF42BDF-287D-40B5-9518-B32F3C8DF28D}.Release|x64.Build.0 = Release|x64
		{4AF42BDF-287D-40B5-9518-B32F3C8DF28D}.Release|x86.ActiveCfg = Release|Win32
		{4AF42BDF-287D-40B5-9518-B32F3C8DF28D}.Release|x86.Build.0 = Release|Win32
	EndGlobalSection
	GlobalSection(SolutionProperties) = preSolution
		HideSolutionNode = FALSE
	EndGlobalSection
	GlobalSection(ExtensibilityGlobals) = postSolution
		SolutionGuid = {B20F8237-6C12-4F81-B462-0B031F6C25A3}
	EndGlobalSection
EndGlobal
